
Microsoft Visual Studio Solution File, Format Version 12.00
# Visual Studio Version 17
VisualStudioVersion = 17.0.32929.387
MinimumVisualStudioVersion = 10.0.40219.1
Project("{FAE04EC0-301F-11D3-BF4B-00C04F79EFBC}") = "Ephrathah.GoProStream", "Ephrathah.GoProStream\Ephrathah.GoProStream.csproj", "{77F9B4A1-1035-4DEF-A36B-A6B2FA10B84C}"
EndProject
Project("{9A19103F-16F7-4668-BE54-9A1E7A4F7556}") = "Vlc.DotNet.Core.Interops", "Vlc.DotNet.Core.Interops\Vlc.DotNet.Core.Interops.csproj", "{7F10E3DB-CB6A-405D-A59E-AD9C792693B9}"
EndProject
Project("{9A19103F-16F7-4668-BE54-9A1E7A4F7556}") = "Vlc.DotNet.Core", "Vlc.DotNet.Core\Vlc.DotNet.Core.csproj", "{4EC9D196-188D-44C0-94D8-ACAB0EA466E3}"
EndProject
Project("{9A19103F-16F7-4668-BE54-9A1E7A4F7556}") = "Vlc.DotNet.Wpf", "Vlc.DotNet.Wpf\Vlc.DotNet.Wpf.csproj", "{28745104-7564-4863-A5DD-5C0EA2B7CDA2}"
EndProject
Global
	GlobalSection(SolutionConfigurationPlatforms) = preSolution
		Debug|Any CPU = Debug|Any CPU
		Release|Any CPU = Release|Any CPU
	EndGlobalSection
	GlobalSection(ProjectConfigurationPlatforms) = postSolution
		{77F9B4A1-1035-4DEF-A36B-A6B2FA10B84C}.Debug|Any CPU.ActiveCfg = Debug|Any CPU
		{77F9B4A1-1035-4DEF-A36B-A6B2FA10B84C}.Debug|Any CPU.Build.0 = Debug|Any CPU
		{77F9B4A1-1035-4DEF-A36B-A6B2FA10B84C}.Release|Any CPU.ActiveCfg = Release|Any CPU
		{77F9B4A1-1035-4DEF-A36B-A6B2FA10B84C}.Release|Any CPU.Build.0 = Release|Any CPU
		{7F10E3DB-CB6A-405D-A59E-AD9C792693B9}.Debug|Any CPU.ActiveCfg = Debug|Any CPU
		{7F10E3DB-CB6A-405D-A59E-AD9C792693B9}.Debug|Any CPU.Build.0 = Debug|Any CPU
		{7F10E3DB-CB6A-405D-A59E-AD9C792693B9}.Release|Any CPU.ActiveCfg = Release|Any CPU
		{7F10E3DB-CB6A-405D-A59E-AD9C792693B9}.Release|Any CPU.Build.0 = Release|Any CPU
		{4EC9D196-188D-44C0-94D8-ACAB0EA466E3}.Debug|Any CPU.ActiveCfg = Debug|Any CPU
		{4EC9D196-188D-44C0-94D8-ACAB0EA466E3}.Debug|Any CPU.Build.0 = Debug|Any CPU
		{4EC9D196-188D-44C0-94D8-ACAB0EA466E3}.Release|Any CPU.ActiveCfg = Release|Any CPU
		{4EC9D196-188D-44C0-94D8-ACAB0EA466E3}.Release|Any CPU.Build.0 = Release|Any CPU
		{28745104-7564-4863-A5DD-5C0EA2B7CDA2}.Debug|Any CPU.ActiveCfg = Debug|Any CPU
		{28745104-7564-4863-A5DD-5C0EA2B7CDA2}.Debug|Any CPU.Build.0 = Debug|Any CPU
		{28745104-7564-4863-A5DD-5C0EA2B7CDA2}.Release|Any CPU.ActiveCfg = Release|Any CPU
		{28745104-7564-4863-A5DD-5C0EA2B7CDA2}.Release|Any CPU.Build.0 = Release|Any CPU
	EndGlobalSection
	GlobalSection(SolutionProperties) = preSolution
		HideSolutionNode = FALSE
	EndGlobalSection
	GlobalSection(ExtensibilityGlobals) = postSolution
		SolutionGuid = {9BAF0E3E-ADBA-448D-9F50-3B4F115E3F1B}
	EndGlobalSection
EndGlobal
